// !$*UTF8*$!
{
	archiveVersion = 1;
	classes = {
	};
	objectVersion = 56;
	objects = {

/* Begin PBXBuildFile section */
		F83214462DBA6C9A00A339AD /* RoundedButton.swift in Sources */ = {isa = PBXBuildFile; fileRef = F83214452DBA6C9A00A339AD /* RoundedButton.swift */; };
		F83214482DBA772600A339AD /* PilledButton.swift in Sources */ = {isa = PBXBuildFile; fileRef = F83214472DBA772600A339AD /* PilledButton.swift */; };
		F832144A2DBA77F900A339AD /* ShadowButton.swift in Sources */ = {isa = PBXBuildFile; fileRef = F83214492DBA77F900A339AD /* ShadowButton.swift */; };
		F838C4BE2D8C3572004B68D6 /* AppDelegate.swift in Sources */ = {isa = PBXBuildFile; fileRef = F838C4BD2D8C3572004B68D6 /* AppDelegate.swift */; };
		F838C4C02D8C3572004B68D6 /* SceneDelegate.swift in Sources */ = {isa = PBXBuildFile; fileRef = F838C4BF2D8C3572004B68D6 /* SceneDelegate.swift */; };
		F838C4C22D8C3572004B68D6 /* ViewController.swift in Sources */ = {isa = PBXBuildFile; fileRef = F838C4C12D8C3572004B68D6 /* ViewController.swift */; };
		F838C4C52D8C3572004B68D6 /* Main.storyboard in Resources */ = {isa = PBXBuildFile; fileRef = F838C4C32D8C3572004B68D6 /* Main.storyboard */; };
		F838C4C82D8C3572004B68D6 /* ToDoList.xcdatamodeld in Sources */ = {isa = PBXBuildFile; fileRef = F838C4C62D8C3572004B68D6 /* ToDoList.xcdatamodeld */; };
		F838C4CA2D8C3577004B68D6 /* Assets.xcassets in Resources */ = {isa = PBXBuildFile; fileRef = F838C4C92D8C3577004B68D6 /* Assets.xcassets */; };
		F838C4CD2D8C3577004B68D6 /* LaunchScreen.storyboard in Resources */ = {isa = PBXBuildFile; fileRef = F838C4CB2D8C3577004B68D6 /* LaunchScreen.storyboard */; };
		F838C4D52D8C533A004B68D6 /* TaskTableViewCell.swift in Sources */ = {isa = PBXBuildFile; fileRef = F838C4D42D8C533A004B68D6 /* TaskTableViewCell.swift */; };
		F838C4D72D93220F004B68D6 /* NewTaskViewController.swift in Sources */ = {isa = PBXBuildFile; fileRef = F838C4D62D93220F004B68D6 /* NewTaskViewController.swift */; };
		F838C4D92D933DC1004B68D6 /* NewTaskModalView.xib in Resources */ = {isa = PBXBuildFile; fileRef = F838C4D82D933DC1004B68D6 /* NewTaskModalView.xib */; };
		F838C4DB2D935FA4004B68D6 /* NewTaskModalView.swift in Sources */ = {isa = PBXBuildFile; fileRef = F838C4DA2D935FA4004B68D6 /* NewTaskModalView.swift */; };
		F838C4DD2D9EBE06004B68D6 /* CatagoryModel.swift in Sources */ = {isa = PBXBuildFile; fileRef = F838C4DC2D9EBE06004B68D6 /* CatagoryModel.swift */; };
		F838C4DF2DA04AF4004B68D6 /* TaskModel.swift in Sources */ = {isa = PBXBuildFile; fileRef = F838C4DE2DA04AF4004B68D6 /* TaskModel.swift */; };
		F838C5042DA5CDD8004B68D6 /* Typografy.swift in Sources */ = {isa = PBXBuildFile; fileRef = F838C5032DA5CDD8004B68D6 /* Typografy.swift */; };
		F838C5172DA6901B004B68D6 /* Colors.xcassets in Resources */ = {isa = PBXBuildFile; fileRef = F838C5162DA6901B004B68D6 /* Colors.xcassets */; };
		F838C5192DA6F90F004B68D6 /* Exstension+Color.swift in Sources */ = {isa = PBXBuildFile; fileRef = F838C5182DA6F90F004B68D6 /* Exstension+Color.swift */; };
		F838C56D2DAD471D004B68D6 /* SettingsViewController.swift in Sources */ = {isa = PBXBuildFile; fileRef = F838C56C2DAD471D004B68D6 /* SettingsViewController.swift */; };
		F838C5792DAD4E70004B68D6 /* Assistant-Bold.ttf in Resources */ = {isa = PBXBuildFile; fileRef = F838C5782DAD4E70004B68D6 /* Assistant-Bold.ttf */; };
		F838C57B2DAD4E79004B68D6 /* Assistant-Medium.ttf in Resources */ = {isa = PBXBuildFile; fileRef = F838C57A2DAD4E79004B68D6 /* Assistant-Medium.ttf */; };
		F838C57D2DAD4E81004B68D6 /* Assistant-Regular.ttf in Resources */ = {isa = PBXBuildFile; fileRef = F838C57C2DAD4E81004B68D6 /* Assistant-Regular.ttf */; };
		F838C57F2DAD4E8B004B68D6 /* Assistant-SemiBold.ttf in Resources */ = {isa = PBXBuildFile; fileRef = F838C57E2DAD4E8B004B68D6 /* Assistant-SemiBold.ttf */; };
/* End PBXBuildFile section */

/* Begin PBXFileReference section */
		F83214452DBA6C9A00A339AD /* RoundedButton.swift */ = {isa = PBXFileReference; lastKnownFileType = sourcecode.swift; path = RoundedButton.swift; sourceTree = "<group>"; };
		F83214472DBA772600A339AD /* PilledButton.swift */ = {isa = PBXFileReference; lastKnownFileType = sourcecode.swift; path = PilledButton.swift; sourceTree = "<group>"; };
		F83214492DBA77F900A339AD /* ShadowButton.swift */ = {isa = PBXFileReference; lastKnownFileType = sourcecode.swift; path = ShadowButton.swift; sourceTree = "<group>"; };
		F838C4BA2D8C3572004B68D6 /* ToDoList.app */ = {isa = PBXFileReference; explicitFileType = wrapper.application; includeInIndex = 0; path = ToDoList.app; sourceTree = BUILT_PRODUCTS_DIR; };
		F838C4BD2D8C3572004B68D6 /* AppDelegate.swift */ = {isa = PBXFileReference; lastKnownFileType = sourcecode.swift; path = AppDelegate.swift; sourceTree = "<group>"; };
		F838C4BF2D8C3572004B68D6 /* SceneDelegate.swift */ = {isa = PBXFileReference; lastKnownFileType = sourcecode.swift; path = SceneDelegate.swift; sourceTree = "<group>"; };
		F838C4C12D8C3572004B68D6 /* ViewController.swift */ = {isa = PBXFileReference; lastKnownFileType = sourcecode.swift; path = ViewController.swift; sourceTree = "<group>"; };
		F838C4C42D8C3572004B68D6 /* Base */ = {isa = PBXFileReference; lastKnownFileType = file.storyboard; name = Base; path = Base.lproj/Main.storyboard; sourceTree = "<group>"; };
		F838C4C72D8C3572004B68D6 /* ToDoList.xcdatamodel */ = {isa = PBXFileReference; lastKnownFileType = wrapper.xcdatamodel; path = ToDoList.xcdatamodel; sourceTree = "<group>"; };
		F838C4C92D8C3577004B68D6 /* Assets.xcassets */ = {isa = PBXFileReference; lastKnownFileType = folder.assetcatalog; path = Assets.xcassets; sourceTree = "<group>"; };
		F838C4CC2D8C3577004B68D6 /* Base */ = {isa = PBXFileReference; lastKnownFileType = file.storyboard; name = Base; path = Base.lproj/LaunchScreen.storyboard; sourceTree = "<group>"; };
		F838C4CE2D8C3577004B68D6 /* Info.plist */ = {isa = PBXFileReference; lastKnownFileType = text.plist.xml; path = Info.plist; sourceTree = "<group>"; };
		F838C4D42D8C533A004B68D6 /* TaskTableViewCell.swift */ = {isa = PBXFileReference; lastKnownFileType = sourcecode.swift; path = TaskTableViewCell.swift; sourceTree = "<group>"; };
		F838C4D62D93220F004B68D6 /* NewTaskViewController.swift */ = {isa = PBXFileReference; lastKnownFileType = sourcecode.swift; path = NewTaskViewController.swift; sourceTree = "<group>"; };
		F838C4D82D933DC1004B68D6 /* NewTaskModalView.xib */ = {isa = PBXFileReference; lastKnownFileType = file.xib; path = NewTaskModalView.xib; sourceTree = "<group>"; };
		F838C4DA2D935FA4004B68D6 /* NewTaskModalView.swift */ = {isa = PBXFileReference; lastKnownFileType = sourcecode.swift; path = NewTaskModalView.swift; sourceTree = "<group>"; };
		F838C4DC2D9EBE06004B68D6 /* CatagoryModel.swift */ = {isa = PBXFileReference; lastKnownFileType = sourcecode.swift; path = CatagoryModel.swift; sourceTree = "<group>"; };
		F838C4DE2DA04AF4004B68D6 /* TaskModel.swift */ = {isa = PBXFileReference; lastKnownFileType = sourcecode.swift; path = TaskModel.swift; sourceTree = "<group>"; };
		F838C5032DA5CDD8004B68D6 /* Typografy.swift */ = {isa = PBXFileReference; lastKnownFileType = sourcecode.swift; path = Typografy.swift; sourceTree = "<group>"; };
		F838C5162DA6901B004B68D6 /* Colors.xcassets */ = {isa = PBXFileReference; lastKnownFileType = folder.assetcatalog; path = Colors.xcassets; sourceTree = "<group>"; };
		F838C5182DA6F90F004B68D6 /* Exstension+Color.swift */ = {isa = PBXFileReference; lastKnownFileType = sourcecode.swift; path = "Exstension+Color.swift"; sourceTree = "<group>"; };
		F838C56C2DAD471D004B68D6 /* SettingsViewController.swift */ = {isa = PBXFileReference; lastKnownFileType = sourcecode.swift; path = SettingsViewController.swift; sourceTree = "<group>"; };
		F838C5782DAD4E70004B68D6 /* Assistant-Bold.ttf */ = {isa = PBXFileReference; lastKnownFileType = file; name = "Assistant-Bold.ttf"; path = "../../../../../Downloads/ToDoList With SVG Icon/ToDoList/Resources/Font/Assistant-Bold.ttf"; sourceTree = "<group>"; };
		F838C57A2DAD4E79004B68D6 /* Assistant-Medium.ttf */ = {isa = PBXFileReference; lastKnownFileType = file; name = "Assistant-Medium.ttf"; path = "../../../../../Downloads/ToDoList With SVG Icon/ToDoList/Resources/Font/Assistant-Medium.ttf"; sourceTree = "<group>"; };
		F838C57C2DAD4E81004B68D6 /* Assistant-Regular.ttf */ = {isa = PBXFileReference; lastKnownFileType = file; name = "Assistant-Regular.ttf"; path = "../../../../../Downloads/ToDoList With SVG Icon/ToDoList/Resources/Font/Assistant-Regular.ttf"; sourceTree = "<group>"; };
		F838C57E2DAD4E8B004B68D6 /* Assistant-SemiBold.ttf */ = {isa = PBXFileReference; lastKnownFileType = file; name = "Assistant-SemiBold.ttf"; path = "../../../../../Downloads/ToDoList With SVG Icon/ToDoList/Resources/Font/Assistant-SemiBold.ttf"; sourceTree = "<group>"; };
/* End PBXFileReference section */

/* Begin PBXFrameworksBuildPhase section */
		F838C4B72D8C3572004B68D6 /* Frameworks */ = {
			isa = PBXFrameworksBuildPhase;
			buildActionMask = 2147483647;
			files = (
			);
			runOnlyForDeploymentPostprocessing = 0;
		};
/* End PBXFrameworksBuildPhase section */

/* Begin PBXGroup section */
		F832144B2DBA808200A339AD /* Components */ = {
			isa = PBXGroup;
			children = (
				F83214452DBA6C9A00A339AD /* RoundedButton.swift */,
				F83214472DBA772600A339AD /* PilledButton.swift */,
				F83214492DBA77F900A339AD /* ShadowButton.swift */,
			);
			path = Components;
			sourceTree = "<group>";
		};
		F832144E2DBE759D00A339AD /* Models */ = {
			isa = PBXGroup;
			children = (
				F838C4DE2DA04AF4004B68D6 /* TaskModel.swift */,
				F838C4DC2D9EBE06004B68D6 /* CatagoryModel.swift */,
			);
			path = Models;
			sourceTree = "<group>";
		};
		F832144F2DBE75DC00A339AD /* Design */ = {
			isa = PBXGroup;
			children = (
				F838C5052DA5CDF0004B68D6 /* Font */,
				F838C5182DA6F90F004B68D6 /* Exstension+Color.swift */,
				F838C5032DA5CDD8004B68D6 /* Typografy.swift */,
				F838C5162DA6901B004B68D6 /* Colors.xcassets */,
			);
			path = Design;
			sourceTree = "<group>";
		};
		F83214502DBE778E00A339AD /* Views */ = {
			isa = PBXGroup;
			children = (
				F838C4D42D8C533A004B68D6 /* TaskTableViewCell.swift */,
				F838C4DA2D935FA4004B68D6 /* NewTaskModalView.swift */,
				F838C4D82D933DC1004B68D6 /* NewTaskModalView.xib */,
			);
			path = Views;
			sourceTree = "<group>";
		};
		F83214512DBE77FD00A339AD /* ViewControllers */ = {
			isa = PBXGroup;
			children = (
				F838C4C12D8C3572004B68D6 /* ViewController.swift */,
				F838C56C2DAD471D004B68D6 /* SettingsViewController.swift */,
				F838C4D62D93220F004B68D6 /* NewTaskViewController.swift */,
			);
			path = ViewControllers;
			sourceTree = "<group>";
		};
		F838C4B12D8C3572004B68D6 = {
			isa = PBXGroup;
			children = (
				F838C4BC2D8C3572004B68D6 /* ToDoList */,
				F838C4BB2D8C3572004B68D6 /* Products */,
			);
			sourceTree = "<group>";
		};
		F838C4BB2D8C3572004B68D6 /* Products */ = {
			isa = PBXGroup;
			children = (
				F838C4BA2D8C3572004B68D6 /* ToDoList.app */,
			);
			name = Products;
			sourceTree = "<group>";
		};
		F838C4BC2D8C3572004B68D6 /* ToDoList */ = {
			isa = PBXGroup;
			children = (
				F83214512DBE77FD00A339AD /* ViewControllers */,
				F83214502DBE778E00A339AD /* Views */,
				F832144E2DBE759D00A339AD /* Models */,
				F832144F2DBE75DC00A339AD /* Design */,
				F832144B2DBA808200A339AD /* Components */,
				F838C4BD2D8C3572004B68D6 /* AppDelegate.swift */,
				F838C4BF2D8C3572004B68D6 /* SceneDelegate.swift */,
				F838C4C32D8C3572004B68D6 /* Main.storyboard */,
				F838C4CB2D8C3577004B68D6 /* LaunchScreen.storyboard */,
				F838C4C92D8C3577004B68D6 /* Assets.xcassets */,
				F838C4CE2D8C3577004B68D6 /* Info.plist */,
				F838C4C62D8C3572004B68D6 /* ToDoList.xcdatamodeld */,
			);
			path = ToDoList;
			sourceTree = "<group>";
		};
		F838C5052DA5CDF0004B68D6 /* Font */ = {
			isa = PBXGroup;
			children = (
				F838C5782DAD4E70004B68D6 /* Assistant-Bold.ttf */,
				F838C57C2DAD4E81004B68D6 /* Assistant-Regular.ttf */,
				F838C57E2DAD4E8B004B68D6 /* Assistant-SemiBold.ttf */,
				F838C57A2DAD4E79004B68D6 /* Assistant-Medium.ttf */,
			);
			path = Font;
			sourceTree = "<group>";
		};
/* End PBXGroup section */

/* Begin PBXNativeTarget section */
		F838C4B92D8C3572004B68D6 /* ToDoList */ = {
			isa = PBXNativeTarget;
			buildConfigurationList = F838C4D12D8C3577004B68D6 /* Build configuration list for PBXNativeTarget "ToDoList" */;
			buildPhases = (
				F838C4B62D8C3572004B68D6 /* Sources */,
				F838C4B72D8C3572004B68D6 /* Frameworks */,
				F838C4B82D8C3572004B68D6 /* Resources */,
			);
			buildRules = (
			);
			dependencies = (
			);
			name = ToDoList;
			productName = ToDoList;
			productReference = F838C4BA2D8C3572004B68D6 /* ToDoList.app */;
			productType = "com.apple.product-type.application";
		};
/* End PBXNativeTarget section */

/* Begin PBXProject section */
		F838C4B22D8C3572004B68D6 /* Project object */ = {
			isa = PBXProject;
			attributes = {
				BuildIndependentTargetsInParallel = 1;
				LastSwiftUpdateCheck = 1510;
				LastUpgradeCheck = 1510;
				TargetAttributes = {
					F838C4B92D8C3572004B68D6 = {
						CreatedOnToolsVersion = 15.1;
					};
				};
			};
			buildConfigurationList = F838C4B52D8C3572004B68D6 /* Build configuration list for PBXProject "ToDoList" */;
			compatibilityVersion = "Xcode 14.0";
			developmentRegion = en;
			hasScannedForEncodings = 0;
			knownRegions = (
				en,
				Base,
			);
			mainGroup = F838C4B12D8C3572004B68D6;
			productRefGroup = F838C4BB2D8C3572004B68D6 /* Products */;
			projectDirPath = "";
			projectRoot = "";
			targets = (
				F838C4B92D8C3572004B68D6 /* ToDoList */,
			);
		};
/* End PBXProject section */

/* Begin PBXResourcesBuildPhase section */
		F838C4B82D8C3572004B68D6 /* Resources */ = {
			isa = PBXResourcesBuildPhase;
			buildActionMask = 2147483647;
			files = (
				F838C5792DAD4E70004B68D6 /* Assistant-Bold.ttf in Resources */,
				F838C5172DA6901B004B68D6 /* Colors.xcassets in Resources */,
				F838C57D2DAD4E81004B68D6 /* Assistant-Regular.ttf in Resources */,
				F838C4CD2D8C3577004B68D6 /* LaunchScreen.storyboard in Resources */,
				F838C57F2DAD4E8B004B68D6 /* Assistant-SemiBold.ttf in Resources */,
				F838C57B2DAD4E79004B68D6 /* Assistant-Medium.ttf in Resources */,
				F838C4CA2D8C3577004B68D6 /* Assets.xcassets in Resources */,
				F838C4D92D933DC1004B68D6 /* NewTaskModalView.xib in Resources */,
				F838C4C52D8C3572004B68D6 /* Main.storyboard in Resources */,
			);
			runOnlyForDeploymentPostprocessing = 0;
		};
/* End PBXResourcesBuildPhase section */

/* Begin PBXSourcesBuildPhase section */
		F838C4B62D8C3572004B68D6 /* Sources */ = {
			isa = PBXSourcesBuildPhase;
			buildActionMask = 2147483647;
			files = (
				F838C4C22D8C3572004B68D6 /* ViewController.swift in Sources */,
				F832144A2DBA77F900A339AD /* ShadowButton.swift in Sources */,
				F838C4DD2D9EBE06004B68D6 /* CatagoryModel.swift in Sources */,
				F838C5192DA6F90F004B68D6 /* Exstension+Color.swift in Sources */,
				F838C4BE2D8C3572004B68D6 /* AppDelegate.swift in Sources */,
				F838C5042DA5CDD8004B68D6 /* Typografy.swift in Sources */,
				F838C4DF2DA04AF4004B68D6 /* TaskModel.swift in Sources */,
				F838C4DB2D935FA4004B68D6 /* NewTaskModalView.swift in Sources */,
				F838C4D52D8C533A004B68D6 /* TaskTableViewCell.swift in Sources */,
				F838C4C02D8C3572004B68D6 /* SceneDelegate.swift in Sources */,
				F838C4D72D93220F004B68D6 /* NewTaskViewController.swift in Sources */,
				F838C4C82D8C3572004B68D6 /* ToDoList.xcdatamodeld in Sources */,
				F83214482DBA772600A339AD /* PilledButton.swift in Sources */,
				F838C56D2DAD471D004B68D6 /* SettingsViewController.swift in Sources */,
				F83214462DBA6C9A00A339AD /* RoundedButton.swift in Sources */,
			);
			runOnlyForDeploymentPostprocessing = 0;
		};
/* End PBXSourcesBuildPhase section */

/* Begin PBXVariantGroup section */
		F838C4C32D8C3572004B68D6 /* Main.storyboard */ = {
			isa = PBXVariantGroup;
			children = (
				F838C4C42D8C3572004B68D6 /* Base */,
			);
			name = Main.storyboard;
			sourceTree = "<group>";
		};
		F838C4CB2D8C3577004B68D6 /* LaunchScreen.storyboard */ = {
			isa = PBXVariantGroup;
			children = (
				F838C4CC2D8C3577004B68D6 /* Base */,
			);
			name = LaunchScreen.storyboard;
			sourceTree = "<group>";
		};
/* End PBXVariantGroup section */

/* Begin XCBuildConfiguration section */
		F838C4CF2D8C3577004B68D6 /* Debug */ = {
			isa = XCBuildConfiguration;
			buildSettings = {
				ALWAYS_SEARCH_USER_PATHS = NO;
				ASSETCATALOG_COMPILER_GENERATE_SWIFT_ASSET_SYMBOL_EXTENSIONS = YES;
				CLANG_ANALYZER_NONNULL = YES;
				CLANG_ANALYZER_NUMBER_OBJECT_CONVERSION = YES_AGGRESSIVE;
				CLANG_CXX_LANGUAGE_STANDARD = "gnu++20";
				CLANG_ENABLE_MODULES = YES;
				CLANG_ENABLE_OBJC_ARC = YES;
				CLANG_ENABLE_OBJC_WEAK = YES;
				CLANG_WARN_BLOCK_CAPTURE_AUTORELEASING = YES;
				CLANG_WARN_BOOL_CONVERSION = YES;
				CLANG_WARN_COMMA = YES;
				CLANG_WARN_CONSTANT_CONVERSION = YES;
				CLANG_WARN_DEPRECATED_OBJC_IMPLEMENTATIONS = YES;
				CLANG_WARN_DIRECT_OBJC_ISA_USAGE = YES_ERROR;
				CLANG_WARN_DOCUMENTATION_COMMENTS = YES;
				CLANG_WARN_EMPTY_BODY = YES;
				CLANG_WARN_ENUM_CONVERSION = YES;
				CLANG_WARN_INFINITE_RECURSION = YES;
				CLANG_WARN_INT_CONVERSION = YES;
				CLANG_WARN_NON_LITERAL_NULL_CONVERSION = YES;
				CLANG_WARN_OBJC_IMPLICIT_RETAIN_SELF = YES;
				CLANG_WARN_OBJC_LITERAL_CONVERSION = YES;
				CLANG_WARN_OBJC_ROOT_CLASS = YES_ERROR;
				CLANG_WARN_QUOTED_INCLUDE_IN_FRAMEWORK_HEADER = YES;
				CLANG_WARN_RANGE_LOOP_ANALYSIS = YES;
				CLANG_WARN_STRICT_PROTOTYPES = YES;
				CLANG_WARN_SUSPICIOUS_MOVE = YES;
				CLANG_WARN_UNGUARDED_AVAILABILITY = YES_AGGRESSIVE;
				CLANG_WARN_UNREACHABLE_CODE = YES;
				CLANG_WARN__DUPLICATE_METHOD_MATCH = YES;
				COPY_PHASE_STRIP = NO;
				DEBUG_INFORMATION_FORMAT = dwarf;
				ENABLE_STRICT_OBJC_MSGSEND = YES;
				ENABLE_TESTABILITY = YES;
				ENABLE_USER_SCRIPT_SANDBOXING = YES;
				GCC_C_LANGUAGE_STANDARD = gnu17;
				GCC_DYNAMIC_NO_PIC = NO;
				GCC_NO_COMMON_BLOCKS = YES;
				GCC_OPTIMIZATION_LEVEL = 0;
				GCC_PREPROCESSOR_DEFINITIONS = (
					"DEBUG=1",
					"$(inherited)",
				);
				GCC_WARN_64_TO_32_BIT_CONVERSION = YES;
				GCC_WARN_ABOUT_RETURN_TYPE = YES_ERROR;
				GCC_WARN_UNDECLARED_SELECTOR = YES;
				GCC_WARN_UNINITIALIZED_AUTOS = YES_AGGRESSIVE;
				GCC_WARN_UNUSED_FUNCTION = YES;
				GCC_WARN_UNUSED_VARIABLE = YES;
				IPHONEOS_DEPLOYMENT_TARGET = 17.2;
				LOCALIZATION_PREFERS_STRING_CATALOGS = YES;
				MTL_ENABLE_DEBUG_INFO = INCLUDE_SOURCE;
				MTL_FAST_MATH = YES;
				ONLY_ACTIVE_ARCH = YES;
				SDKROOT = iphoneos;
				SWIFT_ACTIVE_COMPILATION_CONDITIONS = "DEBUG $(inherited)";
				SWIFT_OPTIMIZATION_LEVEL = "-Onone";
			};
			name = Debug;
		};
		F838C4D02D8C3577004B68D6 /* Release */ = {
			isa = XCBuildConfiguration;
			buildSettings = {
				ALWAYS_SEARCH_USER_PATHS = NO;
				ASSETCATALOG_COMPILER_GENERATE_SWIFT_ASSET_SYMBOL_EXTENSIONS = YES;
				CLANG_ANALYZER_NONNULL = YES;
				CLANG_ANALYZER_NUMBER_OBJECT_CONVERSION = YES_AGGRESSIVE;
				CLANG_CXX_LANGUAGE_STANDARD = "gnu++20";
				CLANG_ENABLE_MODULES = YES;
				CLANG_ENABLE_OBJC_ARC = YES;
				CLANG_ENABLE_OBJC_WEAK = YES;
				CLANG_WARN_BLOCK_CAPTURE_AUTORELEASING = YES;
				CLANG_WARN_BOOL_CONVERSION = YES;
				CLANG_WARN_COMMA = YES;
				CLANG_WARN_CONSTANT_CONVERSION = YES;
				CLANG_WARN_DEPRECATED_OBJC_IMPLEMENTATIONS = YES;
				CLANG_WARN_DIRECT_OBJC_ISA_USAGE = YES_ERROR;
				CLANG_WARN_DOCUMENTATION_COMMENTS = YES;
				CLANG_WARN_EMPTY_BODY = YES;
				CLANG_WARN_ENUM_CONVERSION = YES;
				CLANG_WARN_INFINITE_RECURSION = YES;
				CLANG_WARN_INT_CONVERSION = YES;
				CLANG_WARN_NON_LITERAL_NULL_CONVERSION = YES;
				CLANG_WARN_OBJC_IMPLICIT_RETAIN_SELF = YES;
				CLANG_WARN_OBJC_LITERAL_CONVERSION = YES;
				CLANG_WARN_OBJC_ROOT_CLASS = YES_ERROR;
				CLANG_WARN_QUOTED_INCLUDE_IN_FRAMEWORK_HEADER = YES;
				CLANG_WARN_RANGE_LOOP_ANALYSIS = YES;
				CLANG_WARN_STRICT_PROTOTYPES = YES;
				CLANG_WARN_SUSPICIOUS_MOVE = YES;
				CLANG_WARN_UNGUARDED_AVAILABILITY = YES_AGGRESSIVE;
				CLANG_WARN_UNREACHABLE_CODE = YES;
				CLANG_WARN__DUPLICATE_METHOD_MATCH = YES;
				COPY_PHASE_STRIP = NO;
				DEBUG_INFORMATION_FORMAT = "dwarf-with-dsym";
				ENABLE_NS_ASSERTIONS = NO;
				ENABLE_STRICT_OBJC_MSGSEND = YES;
				ENABLE_USER_SCRIPT_SANDBOXING = YES;
				GCC_C_LANGUAGE_STANDARD = gnu17;
				GCC_NO_COMMON_BLOCKS = YES;
				GCC_WARN_64_TO_32_BIT_CONVERSION = YES;
				GCC_WARN_ABOUT_RETURN_TYPE = YES_ERROR;
				GCC_WARN_UNDECLARED_SELECTOR = YES;
				GCC_WARN_UNINITIALIZED_AUTOS = YES_AGGRESSIVE;
				GCC_WARN_UNUSED_FUNCTION = YES;
				GCC_WARN_UNUSED_VARIABLE = YES;
				IPHONEOS_DEPLOYMENT_TARGET = 17.2;
				LOCALIZATION_PREFERS_STRING_CATALOGS = YES;
				MTL_ENABLE_DEBUG_INFO = NO;
				MTL_FAST_MATH = YES;
				SDKROOT = iphoneos;
				SWIFT_COMPILATION_MODE = wholemodule;
				VALIDATE_PRODUCT = YES;
			};
			name = Release;
		};
		F838C4D22D8C3577004B68D6 /* Debug */ = {
			isa = XCBuildConfiguration;
			buildSettings = {
				ASSETCATALOG_COMPILER_APPICON_NAME = AppIcon;
				ASSETCATALOG_COMPILER_GLOBAL_ACCENT_COLOR_NAME = AccentColor;
				CODE_SIGN_STYLE = Automatic;
				CURRENT_PROJECT_VERSION = 1;
				GENERATE_INFOPLIST_FILE = YES;
				INFOPLIST_FILE = ToDoList/Info.plist;
				INFOPLIST_KEY_UIApplicationSupportsIndirectInputEvents = YES;
				INFOPLIST_KEY_UILaunchStoryboardName = LaunchScreen;
				INFOPLIST_KEY_UIMainStoryboardFile = Main;
				INFOPLIST_KEY_UISupportedInterfaceOrientations_iPad = "UIInterfaceOrientationPortrait UIInterfaceOrientationPortraitUpsideDown UIInterfaceOrientationLandscapeLeft UIInterfaceOrientationLandscapeRight";
				INFOPLIST_KEY_UISupportedInterfaceOrientations_iPhone = "UIInterfaceOrientationPortrait UIInterfaceOrientationLandscapeLeft UIInterfaceOrientationLandscapeRight";
				LD_RUNPATH_SEARCH_PATHS = (
					"$(inherited)",
					"@executable_path/Frameworks",
				);
				MARKETING_VERSION = 1.0;
				PRODUCT_BUNDLE_IDENTIFIER = com.alelya.Post.ToDoList;
				PRODUCT_NAME = "$(TARGET_NAME)";
				SWIFT_EMIT_LOC_STRINGS = YES;
				SWIFT_VERSION = 5.0;
				TARGETED_DEVICE_FAMILY = "1,2";
			};
			name = Debug;
		};
		F838C4D32D8C3577004B68D6 /* Release */ = {
			isa = XCBuildConfiguration;
			buildSettings = {
				ASSETCATALOG_COMPILER_APPICON_NAME = AppIcon;
				ASSETCATALOG_COMPILER_GLOBAL_ACCENT_COLOR_NAME = AccentColor;
				CODE_SIGN_STYLE = Automatic;
				CURRENT_PROJECT_VERSION = 1;
				GENERATE_INFOPLIST_FILE = YES;
				INFOPLIST_FILE = ToDoList/Info.plist;
				INFOPLIST_KEY_UIApplicationSupportsIndirectInputEvents = YES;
				INFOPLIST_KEY_UILaunchStoryboardName = LaunchScreen;
				INFOPLIST_KEY_UIMainStoryboardFile = Main;
				INFOPLIST_KEY_UISupportedInterfaceOrientations_iPad = "UIInterfaceOrientationPortrait UIInterfaceOrientationPortraitUpsideDown UIInterfaceOrientationLandscapeLeft UIInterfaceOrientationLandscapeRight";
				INFOPLIST_KEY_UISupportedInterfaceOrientations_iPhone = "UIInterfaceOrientationPortrait UIInterfaceOrientationLandscapeLeft UIInterfaceOrientationLandscapeRight";
				LD_RUNPATH_SEARCH_PATHS = (
					"$(inherited)",
					"@executable_path/Frameworks",
				);
				MARKETING_VERSION = 1.0;
				PRODUCT_BUNDLE_IDENTIFIER = com.alelya.Post.ToDoList;
				PRODUCT_NAME = "$(TARGET_NAME)";
				SWIFT_EMIT_LOC_STRINGS = YES;
				SWIFT_VERSION = 5.0;
				TARGETED_DEVICE_FAMILY = "1,2";
			};
			name = Release;
		};
/* End XCBuildConfiguration section */

/* Begin XCConfigurationList section */
		F838C4B52D8C3572004B68D6 /* Build configuration list for PBXProject "ToDoList" */ = {
			isa = XCConfigurationList;
			buildConfigurations = (
				F838C4CF2D8C3577004B68D6 /* Debug */,
				F838C4D02D8C3577004B68D6 /* Release */,
			);
			defaultConfigurationIsVisible = 0;
			defaultConfigurationName = Release;
		};
		F838C4D12D8C3577004B68D6 /* Build configuration list for PBXNativeTarget "ToDoList" */ = {
			isa = XCConfigurationList;
			buildConfigurations = (
				F838C4D22D8C3577004B68D6 /* Debug */,
				F838C4D32D8C3577004B68D6 /* Release */,
			);
			defaultConfigurationIsVisible = 0;
			defaultConfigurationName = Release;
		};
/* End XCConfigurationList section */

/* Begin XCVersionGroup section */
		F838C4C62D8C3572004B68D6 /* ToDoList.xcdatamodeld */ = {
			isa = XCVersionGroup;
			children = (
				F838C4C72D8C3572004B68D6 /* ToDoList.xcdatamodel */,
			);
			currentVersion = F838C4C72D8C3572004B68D6 /* ToDoList.xcdatamodel */;
			path = ToDoList.xcdatamodeld;
			sourceTree = "<group>";
			versionGroupType = wrapper.xcdatamodel;
		};
/* End XCVersionGroup section */
	};
	rootObject = F838C4B22D8C3572004B68D6 /* Project object */;
}
